PODS:
  - Flutter (1.0.0)
  - flutter_naver_login (0.0.1):
    - Flutter
    - NidThirdPartyLogin (~> 5.0.0)
  - home_widget (0.0.1):
    - Flutter
  - NidThirdPartyLogin (5.0.1)
  - sign_in_with_apple (0.0.1):
    - Flutter

DEPENDENCIES:
  - Flutter (from `Flutter`)
  - flutter_naver_login (from `.symlinks/plugins/flutter_naver_login/ios`)
  - home_widget (from `.symlinks/plugins/home_widget/ios`)
  - sign_in_with_apple (from `.symlinks/plugins/sign_in_with_apple/ios`)

SPEC REPOS:
  trunk:
    - NidThirdPartyLogin

EXTERNAL SOURCES:
  Flutter:
    :path: Flutter
  flutter_naver_login:
    :path: ".symlinks/plugins/flutter_naver_login/ios"
  home_widget:
    :path: ".symlinks/plugins/home_widget/ios"
  sign_in_with_apple:
    :path: ".symlinks/plugins/sign_in_with_apple/ios"

SPEC CHECKSUMS:
  Flutter: cabc95a1d2626b1b06e7179b784ebcf0c0cde467
  flutter_naver_login: 965ca284c1a64f0185dfaf9dfd1b8f69f34e6c11
  home_widget: f169fc41fd807b4d46ab6615dc44d62adbf9f64f
  NidThirdPartyLogin: ed291a543cc60a433bcad522b6bf7d3126ad4fdc
  sign_in_with_apple: c5dcc141574c8c54d5ac99dd2163c0c72ad22418

PODFILE CHECKSUM: 251cb053df7158f337c0712f2ab29f4e0fa474ce

COCOAPODS: 1.16.2
